github.com/TheAlgorithms/Java v0.0.0-20230117200524-54d6f79acd53 h1:vgveDrY07jWi+b+ngDIJFstSAt05/BbwOg10L/l77ZU=
github.com/TheAlgorithms/Java v0.0.0-20230117200524-54d6f79acd53/go.mod h1:W3dxRZJwiBk0UhQOiRlUz6F263zJehPrFj/mxsPao8o=
github.com/freeCodeCamp/freeCodeCamp v0.0.0-20230203175846-d99d29ad2012/go.mod h1:PQyD93NcKDGp/NGjjzUVpvp7kPNtluh3Pb9vxy+Swyg=
github.com/freeCodeCamp/freeCodeCamp v0.0.0-20230204075012-c1c1639d19c0 h1:zrvoXBcXhAi+LtabgjnUKK5F8EQ1J8W/59OPO9/hi8E=
github.com/freeCodeCamp/freeCodeCamp v0.0.0-20230204075012-c1c1639d19c0/go.mod h1:PQyD93NcKDGp/NGjjzUVpvp7kPNtluh3Pb9vxy+Swyg=
github.com/jtleek/datasharing v0.0.0-20161108194457-df97230f037c h1:ezLI7v61sD1IApXKbbmJrNaGWGy1Zi7kPYVUli+Rm5s=
github.com/jtleek/datasharing v0.0.0-20161108194457-df97230f037c/go.mod h1:B2zfo+qBd+6u0PDaLsKe5VLhmXwtVE9lMNAc8PIrXBU=
github.com/vuejs/vue v0.0.0-20230112144700-d52fbff7a77d h1:gdDNBwver+fjHI8BddxTlrvz2lh7gdaWkkg6ty1wvbI=
github.com/vuejs/vue v0.0.0-20230112144700-d52fbff7a77d/go.mod h1:Femy+JIVeL+diAzuoK5RdY37rwxPXLN78HZo0XLBFDQ=
